Microsoft Visual Studio Solution File, Format Version 12.00
# Visual Studio Version 17
VisualStudioVersion = 17.5.2.0
MinimumVisualStudioVersion = 10.0.40219.1
Project("{FAE04EC0-301F-11D3-BF4B-00C04F79EFBC}") = "Nexttech", "Nexttech.csproj", "{470E1BDD-AE18-299C-DFC0-3CCCD0726CCC}"
EndProject
Global
	GlobalSection(SolutionConfigurationPlatforms) = preSolution
		Debug|Any CPU = Debug|Any CPU
		Release|Any CPU = Release|Any CPU
	EndGlobalSection
	GlobalSection(ProjectConfigurationPlatforms) = postSolution
		{470E1BDD-AE18-299C-DFC0-3CCCD0726CCC}.Debug|Any CPU.ActiveCfg = Debug|Any CPU
		{470E1BDD-AE18-299C-DFC0-3CCCD0726CCC}.Debug|Any CPU.Build.0 = Debug|Any CPU
		{470E1BDD-AE18-299C-DFC0-3CCCD0726CCC}.Release|Any CPU.ActiveCfg = Release|Any CPU
		{470E1BDD-AE18-299C-DFC0-3CCCD0726CCC}.Release|Any CPU.Build.0 = Release|Any CPU
	EndGlobalSection
	GlobalSection(SolutionProperties) = preSolution
		HideSolutionNode = FALSE
	EndGlobalSection
	GlobalSection(ExtensibilityGlobals) = postSolution
		SolutionGuid = {929215C3-0B69-4FB1-9BCE-5C0A3A832D1C}
	EndGlobalSection
EndGlobal
